
Microsoft Visual Studio Solution File, Format Version 10.00
# Visual Studio 2008
Project("{FAE04EC0-301F-11D3-BF4B-00C04F79EFBC}") = "Client-Classes", "Client-Classes\Client-Classes.csproj", "{FC843CED-DBEF-4917-91C6-7646D3BB9C0D}"
EndProject
Global
	GlobalSection(SolutionConfigurationPlatforms) = preSolution
		Debug|Any CPU = Debug|Any CPU
		Release|Any CPU = Release|Any CPU
	EndGlobalSection
	GlobalSection(ProjectConfigurationPlatforms) = postSolution
		{FC843CED-DBEF-4917-91C6-7646D3BB9C0D}.Debug|Any CPU.ActiveCfg = Debug|Any CPU
		{FC843CED-DBEF-4917-91C6-7646D3BB9C0D}.Debug|Any CPU.Build.0 = Debug|Any CPU
		{FC843CED-DBEF-4917-91C6-7646D3BB9C0D}.Release|Any CPU.ActiveCfg = Release|Any CPU
		{FC843CED-DBEF-4917-91C6-7646D3BB9C0D}.Release|Any CPU.Build.0 = Release|Any CPU
	EndGlobalSection
	GlobalSection(SolutionProperties) = preSolution
		HideSolutionNode = FALSE
	EndGlobalSection
EndGlobal
