
Microsoft Visual Studio Solution File, Format Version 10.00
# Visual Studio 2008
Project("{FAE04EC0-301F-11D3-BF4B-00C04F79EFBC}") = "SoftwareLocker", "SoftwareLocker\SoftwareLocker.csproj", "{A410A4E0-50F1-40CD-8EBA-9EFF9F278E03}"
EndProject
Global
	GlobalSection(SolutionConfigurationPlatforms) = preSolution
		Debug|Any CPU = Debug|Any CPU
		Release|Any CPU = Release|Any CPU
	EndGlobalSection
	GlobalSection(ProjectConfigurationPlatforms) = postSolution
		{A410A4E0-50F1-40CD-8EBA-9EFF9F278E03}.Debug|Any CPU.ActiveCfg = Debug|Any CPU
		{A410A4E0-50F1-40CD-8EBA-9EFF9F278E03}.Debug|Any CPU.Build.0 = Debug|Any CPU
		{A410A4E0-50F1-40CD-8EBA-9EFF9F278E03}.Release|Any CPU.ActiveCfg = Release|Any CPU
		{A410A4E0-50F1-40CD-8EBA-9EFF9F278E03}.Release|Any CPU.Build.0 = Release|Any CPU
	EndGlobalSection
	GlobalSection(SolutionProperties) = preSolution
		HideSolutionNode = FALSE
	EndGlobalSection
EndGlobal
